# This file is automatically @generated by Cargo.
# It is not intended for manual editing.
version = 3

[[package]]
name = "capnp"
version = "0.18.10"
source = "registry+https://github.com/rust-lang/crates.io-index"
checksum = "0e78424967d6d4c8e295a3b5114ae6d849052e9dbbed3e62589a76acda54e3f0"
dependencies = [
 "embedded-io",
]

[[package]]
name = "capnp-models"
version = "0.1.0-alpha.1"
dependencies = [
 "capnp",
 "capnpc",
]

[[package]]
name = "capnpc"
version = "0.18.0"
source = "registry+https://github.com/rust-lang/crates.io-index"
checksum = "5067f3c8ee94d993d03150153e9a57a6ff330127b1c1ad76475051e1cef79c2d"
dependencies = [
 "capnp",
]

[[package]]
name = "embedded-io"
version = "0.5.0"
source = "registry+https://github.com/rust-lang/crates.io-index"
checksum = "658bbadc628dc286b9ae02f0cb0f5411c056eb7487b72f0083203f115de94060"
